
Microsoft Visual Studio Solution File, Format Version 11.00
# Visual Studio 2010
Project("{FAE04EC0-301F-11D3-BF4B-00C04F79EFBC}") = "MyTestApplication", "MyTestApplication\MyTestApplication.csproj", "{FB5DB999-3ADB-4A4F-9DF4-6B9FCAC06A9B}"
EndProject
Global
	GlobalSection(SolutionConfigurationPlatforms) = preSolution
		Debug|x86 = Debug|x86
		Release|x86 = Release|x86
	EndGlobalSection
	GlobalSection(ProjectConfigurationPlatforms) = postSolution
		{FB5DB999-3ADB-4A4F-9DF4-6B9FCAC06A9B}.Debug|x86.ActiveCfg = Debug|x86
		{FB5DB999-3ADB-4A4F-9DF4-6B9FCAC06A9B}.Debug|x86.Build.0 = Debug|x86
		{FB5DB999-3ADB-4A4F-9DF4-6B9FCAC06A9B}.Release|x86.ActiveCfg = Release|x86
		{FB5DB999-3ADB-4A4F-9DF4-6B9FCAC06A9B}.Release|x86.Build.0 = Release|x86
	EndGlobalSection
	GlobalSection(SolutionProperties) = preSolution
		HideSolutionNode = FALSE
	EndGlobalSection
EndGlobal
